
Microsoft Visual Studio Solution File, Format Version 12.00
# Visual Studio 2012
Project("{FAE04EC0-301F-11D3-BF4B-00C04F79EFBC}") = "Genome-Server-Normal", "Genome-Server-Normal\Genome-Server-Normal.csproj", "{1CF7EB15-9BF0-4642-966D-E4E411097AFD}"
EndProject
Global
	GlobalSection(SolutionConfigurationPlatforms) = preSolution
		Debug|Any CPU = Debug|Any CPU
		Release|Any CPU = Release|Any CPU
	EndGlobalSection
	GlobalSection(ProjectConfigurationPlatforms) = postSolution
		{1CF7EB15-9BF0-4642-966D-E4E411097AFD}.Debug|Any CPU.ActiveCfg = Debug|Any CPU
		{1CF7EB15-9BF0-4642-966D-E4E411097AFD}.Debug|Any CPU.Build.0 = Debug|Any CPU
		{1CF7EB15-9BF0-4642-966D-E4E411097AFD}.Release|Any CPU.ActiveCfg = Release|Any CPU
		{1CF7EB15-9BF0-4642-966D-E4E411097AFD}.Release|Any CPU.Build.0 = Release|Any CPU
	EndGlobalSection
	GlobalSection(SolutionProperties) = preSolution
		HideSolutionNode = FALSE
	EndGlobalSection
EndGlobal
